
Microsoft Visual Studio Solution File, Format Version 12.00
# Visual Studio Version 16
VisualStudioVersion = 16.0.30104.148
MinimumVisualStudioVersion = 10.0.40219.1
Project("{8BC9CEB8-8B4A-11D0-8D11-00A0C91BC942}") = "smb3do", "smb3do.vcxproj", "{CDFB7B41-C623-4B3F-ACA8-58DA5861CC01}"
EndProject
Global
	GlobalSection(SolutionConfigurationPlatforms) = preSolution
		Debug|x64 = Debug|x64
		Debug|x86 = Debug|x86
		Release|x64 = Release|x64
		Release|x86 = Release|x86
	EndGlobalSection
	GlobalSection(ProjectConfigurationPlatforms) = postSolution
		{CDFB7B41-C623-4B3F-ACA8-58DA5861CC01}.Debug|x64.ActiveCfg = Debug|x64
		{CDFB7B41-C623-4B3F-ACA8-58DA5861CC01}.Debug|x64.Build.0 = Debug|x64
		{CDFB7B41-C623-4B3F-ACA8-58DA5861CC01}.Debug|x86.ActiveCfg = Debug|Win32
		{CDFB7B41-C623-4B3F-ACA8-58DA5861CC01}.Debug|x86.Build.0 = Debug|Win32
		{CDFB7B41-C623-4B3F-ACA8-58DA5861CC01}.Release|x64.ActiveCfg = Release|x64
		{CDFB7B41-C623-4B3F-ACA8-58DA5861CC01}.Release|x64.Build.0 = Release|x64
		{CDFB7B41-C623-4B3F-ACA8-58DA5861CC01}.Release|x86.ActiveCfg = Release|Win32
		{CDFB7B41-C623-4B3F-ACA8-58DA5861CC01}.Release|x86.Build.0 = Release|Win32
	EndGlobalSection
	GlobalSection(SolutionProperties) = preSolution
		HideSolutionNode = FALSE
	EndGlobalSection
	GlobalSection(ExtensibilityGlobals) = postSolution
		SolutionGuid = {9E9372B4-7583-4033-8B70-D53E4CB56DA7}
	EndGlobalSection
EndGlobal
